
Microsoft Visual Studio Solution File, Format Version 12.00
# Visual Studio Version 16
VisualStudioVersion = 16.0.30517.126
MinimumVisualStudioVersion = 10.0.40219.1
Project("{8BC9CEB8-8B4A-11D0-8D11-00A0C91BC942}") = "ProyectoCGIH", "ProyectoCGIH\ProyectoCGIH.vcxproj", "{5CE6EEFE-B175-4881-84DE-CA7AF6998495}"
EndProject
Global
	GlobalSection(SolutionConfigurationPlatforms) = preSolution
		Debug|x64 = Debug|x64
		Debug|x86 = Debug|x86
		Release|x64 = Release|x64
		Release|x86 = Release|x86
	EndGlobalSection
	GlobalSection(ProjectConfigurationPlatforms) = postSolution
		{5CE6EEFE-B175-4881-84DE-CA7AF6998495}.Debug|x64.ActiveCfg = Debug|x64
		{5CE6EEFE-B175-4881-84DE-CA7AF6998495}.Debug|x64.Build.0 = Debug|x64
		{5CE6EEFE-B175-4881-84DE-CA7AF6998495}.Debug|x86.ActiveCfg = Debug|Win32
		{5CE6EEFE-B175-4881-84DE-CA7AF6998495}.Debug|x86.Build.0 = Debug|Win32
		{5CE6EEFE-B175-4881-84DE-CA7AF6998495}.Release|x64.ActiveCfg = Release|x64
		{5CE6EEFE-B175-4881-84DE-CA7AF6998495}.Release|x64.Build.0 = Release|x64
		{5CE6EEFE-B175-4881-84DE-CA7AF6998495}.Release|x86.ActiveCfg = Release|Win32
		{5CE6EEFE-B175-4881-84DE-CA7AF6998495}.Release|x86.Build.0 = Release|Win32
	EndGlobalSection
	GlobalSection(SolutionProperties) = preSolution
		HideSolutionNode = FALSE
	EndGlobalSection
	GlobalSection(ExtensibilityGlobals) = postSolution
		SolutionGuid = {0EC233F5-B715-47CD-87EB-A9BB58FAB411}
	EndGlobalSection
EndGlobal
